
Microsoft Visual Studio Solution File, Format Version 12.00
# Visual Studio Version 18
VisualStudioVersion = 18.1.11304.174
MinimumVisualStudioVersion = 10.0.40219.1
Project("{FAE04EC0-301F-11D3-BF4B-00C04F79EFBC}") = "PrettierX64", "src\PrettierX64.csproj", "{48EAD069-033E-4B61-A8C7-A0B264DD3179}"
EndProject
Project("{2150E333-8FDC-42A3-9474-1A3956D46DE8}") = "Solution Items", "Solution Items", "{C16833FB-D70D-4395-98EF-CCAA818285EF}"
	ProjectSection(SolutionItems) = preProject
		.editorconfig = .editorconfig
		CHANGELOG.md = CHANGELOG.md
		publish-manifest.json = publish-manifest.json
		README.md = README.md
	EndProjectSection
EndProject
Project("{2150E333-8FDC-42A3-9474-1A3956D46DE8}") = ".github", ".github", "{43D3D8BC-0C8F-4B4A-8C3D-29EFD72731CC}"
EndProject
Project("{2150E333-8FDC-42A3-9474-1A3956D46DE8}") = "workflows", "workflows", "{9E76B4BE-1C4A-4BC9-8F88-E49E4447FC78}"
	ProjectSection(SolutionItems) = preProject
		.github\workflows\publish.yml = .github\workflows\publish.yml
	EndProjectSection
EndProject
Global
	GlobalSection(SolutionConfigurationPlatforms) = preSolution
		Debug|Any CPU = Debug|Any CPU
		Release|Any CPU = Release|Any CPU
	EndGlobalSection
	GlobalSection(ProjectConfigurationPlatforms) = postSolution
		{48EAD069-033E-4B61-A8C7-A0B264DD3179}.Debug|Any CPU.ActiveCfg = Debug|Any CPU
		{48EAD069-033E-4B61-A8C7-A0B264DD3179}.Debug|Any CPU.Build.0 = Debug|Any CPU
		{48EAD069-033E-4B61-A8C7-A0B264DD3179}.Release|Any CPU.ActiveCfg = Release|Any CPU
		{48EAD069-033E-4B61-A8C7-A0B264DD3179}.Release|Any CPU.Build.0 = Release|Any CPU
	EndGlobalSection
	GlobalSection(SolutionProperties) = preSolution
		HideSolutionNode = FALSE
	EndGlobalSection
	GlobalSection(NestedProjects) = preSolution
		{43D3D8BC-0C8F-4B4A-8C3D-29EFD72731CC} = {C16833FB-D70D-4395-98EF-CCAA818285EF}
		{9E76B4BE-1C4A-4BC9-8F88-E49E4447FC78} = {43D3D8BC-0C8F-4B4A-8C3D-29EFD72731CC}
	EndGlobalSection
	GlobalSection(ExtensibilityGlobals) = postSolution
		SolutionGuid = {E437FAB4-B6B2-4CD8-9142-8A95CDDD1296}
	EndGlobalSection
EndGlobal
